
Microsoft Visual Studio Solution File, Format Version 12.00
# Visual Studio Version 17
VisualStudioVersion = 17.4.33213.308
MinimumVisualStudioVersion = 10.0.40219.1
Project("{FAE04EC0-301F-11D3-BF4B-00C04F79EFBC}") = "UdemyJwt.Back", "UdemyJwt.Back\UdemyJwt.Back.csproj", "{817FF61C-81CC-4C1F-95AD-4A9F85D4795F}"
EndProject
Global
	GlobalSection(SolutionConfigurationPlatforms) = preSolution
		Debug|Any CPU = Debug|Any CPU
		Release|Any CPU = Release|Any CPU
	EndGlobalSection
	GlobalSection(ProjectConfigurationPlatforms) = postSolution
		{817FF61C-81CC-4C1F-95AD-4A9F85D4795F}.Debug|Any CPU.ActiveCfg = Debug|Any CPU
		{817FF61C-81CC-4C1F-95AD-4A9F85D4795F}.Debug|Any CPU.Build.0 = Debug|Any CPU
		{817FF61C-81CC-4C1F-95AD-4A9F85D4795F}.Release|Any CPU.ActiveCfg = Release|Any CPU
		{817FF61C-81CC-4C1F-95AD-4A9F85D4795F}.Release|Any CPU.Build.0 = Release|Any CPU
	EndGlobalSection
	GlobalSection(SolutionProperties) = preSolution
		HideSolutionNode = FALSE
	EndGlobalSection
	GlobalSection(ExtensibilityGlobals) = postSolution
		SolutionGuid = {858CEB5B-0FEB-43DA-88AD-E5DCAA2F28CD}
	EndGlobalSection
EndGlobal
